
Microsoft Visual Studio Solution File, Format Version 12.00
# Visual Studio 15
VisualStudioVersion = 15.0.28307.1927
MinimumVisualStudioVersion = 10.0.40219.1
Project("{FAE04EC0-301F-11D3-BF4B-00C04F79EFBC}") = "stub", "stub\stub.csproj", "{89906FDF-DFF0-4D48-B59B-0390F3742E9C}"
EndProject
Global
	GlobalSection(SolutionConfigurationPlatforms) = preSolution
		Debug|Any CPU = Debug|Any CPU
		Debug|x64 = Debug|x64
		Debug|x86 = Debug|x86
		Release|Any CPU = Release|Any CPU
		Release|x64 = Release|x64
		Release|x86 = Release|x86
	EndGlobalSection
	GlobalSection(ProjectConfigurationPlatforms) = postSolution
		{89906FDF-DFF0-4D48-B59B-0390F3742E9C}.Debug|Any CPU.ActiveCfg = Debug|Any CPU
		{89906FDF-DFF0-4D48-B59B-0390F3742E9C}.Debug|x64.ActiveCfg = Debug|x64
		{89906FDF-DFF0-4D48-B59B-0390F3742E9C}.Debug|x64.Build.0 = Debug|x64
		{89906FDF-DFF0-4D48-B59B-0390F3742E9C}.Debug|x86.ActiveCfg = Debug|x86
		{89906FDF-DFF0-4D48-B59B-0390F3742E9C}.Release|Any CPU.ActiveCfg = Release|Any CPU
		{89906FDF-DFF0-4D48-B59B-0390F3742E9C}.Release|x64.ActiveCfg = Release|x64
		{89906FDF-DFF0-4D48-B59B-0390F3742E9C}.Release|x64.Build.0 = Release|x64
		{89906FDF-DFF0-4D48-B59B-0390F3742E9C}.Release|x86.ActiveCfg = Release|x86
		{89906FDF-DFF0-4D48-B59B-0390F3742E9C}.Release|x86.Build.0 = Release|x86
	EndGlobalSection
	GlobalSection(SolutionProperties) = preSolution
		HideSolutionNode = FALSE
	EndGlobalSection
	GlobalSection(ExtensibilityGlobals) = postSolution
		SolutionGuid = {4FBFDC94-5FF3-4921-9E58-CBF7AF83D86C}
	EndGlobalSection
EndGlobal
